{
    "_readme": [
        "This file locks the dependencies of your project to a known state",
        "Read more about it at https://getcomposer.org/doc/01-basic-usage.md#composer-lock-the-lock-file",
        "This file is @generated automatically"
    ],
    "content-hash": "86e3067b244c3d03b291cc4c45da30fd",
    "packages": [],
    "packages-dev": [
        {
            "name": "mikey179/vfsStream",
            "version": "v1.1.0",
            "source": {
                "type": "git",
                "url": "https://github.com/mikey179/vfsStream.git",
                "reference": "fc0fe8f4d0b527254a2dc45f0c265567c881d07e"
            },
            "dist": {
                "type": "zip",
                "url": "https://api.github.com/repos/mikey179/vfsStream/zipball/fc0fe8f4d0b527254a2dc45f0c265567c881d07e",
                "reference": "fc0fe8f4d0b527254a2dc45f0c265567c881d07e",
                "shasum": ""
            },
            "require": {
                "php": ">=5.3.0"
            },
            "type": "library",
            "autoload": {
                "psr-0": {
                    "org\\bovigo\\vfs": "src/main/php"
                }
            },
            "notification-url": "https://packagist.org/downloads/",
            "license": [
                "BSD"
            ],
            "homepage": "http://vfs.bovigo.org/",
            "time": "2012-08-25T12:49:29+00:00"
        },
        {
            "name": "mmucklo/krumo",
            "version": "v0.5.7",
            "source": {
                "type": "git",
                "url": "https://github.com/mmucklo/krumo.git",
                "reference": "133a5b2382ef8b9b2537f6049964c8d88c5e5ad1"
            },
            "dist": {
                "type": "zip",
                "url": "https://api.github.com/repos/mmucklo/krumo/zipball/133a5b2382ef8b9b2537f6049964c8d88c5e5ad1",
                "reference": "133a5b2382ef8b9b2537f6049964c8d88c5e5ad1",
                "shasum": ""
            },
            "require": {
                "php": ">=5.2.17"
            },
            "require-dev": {
                "fabpot/php-cs-fixer": "dev-master",
                "phpmd/phpmd": "dev-master"
            },
            "type": "library",
            "autoload": {
                "files": [
                    "class.krumo.php"
                ]
            },
            "notification-url": "https://packagist.org/downloads/",
            "license": [
                "LGPL"
            ],
            "authors": [
                {
                    "name": "Kaloyan K. Tsvetkov",
                    "email": "kaloyan@kaloyan.info"
                },
                {
                    "name": "Stefan Thomas",
                    "email": "moon@justmoon.de"
                },
                {
                    "name": "Matthew J. Mucklo",
                    "email": "mmucklo@gmail.com"
                },
                {
                    "name": "Scott Baker",
                    "email": "scott@perturb.org"
                }
            ],
            "description": "KRUMO - version 2.0 of print_r(); and var_dump(); (with new updates)",
            "keywords": [
                "debug",
                "debugging",
                "krumo",
                "pretty",
                "print",
                "print_r",
                "var_dump"
            ],
            "time": "2016-03-15T07:21:38+00:00"
        }
    ],
    "aliases": [],
    "minimum-stability": "stable",
    "stability-flags": [],
    "prefer-stable": false,
    "prefer-lowest": false,
    "platform": {
        "php": ">=5.2.4"
    },
    "platform-dev": []
}
